// !$*UTF8*$!
{
	archiveVersion = 1;
	classes = {
	};
	objectVersion = 51;
	objects = {

/* Begin PBXBuildFile section */
		02522905F34AB8F75978B147 /* Pods_MVVM_RxSwift_Template.framework in Frameworks */ = {isa = PBXBuildFile; fileRef = 06D4CEE863BE8CD71E767E0B /* Pods_MVVM_RxSwift_Template.framework */; };
		695E5A7824E6480500ABD9C3 /* AppDelegate.swift in Sources */ = {isa = PBXBuildFile; fileRef = 695E5A7724E6480500ABD9C3 /* AppDelegate.swift */; };
		695E5A7A24E6480500ABD9C3 /* SceneDelegate.swift in Sources */ = {isa = PBXBuildFile; fileRef = 695E5A7924E6480500ABD9C3 /* SceneDelegate.swift */; };
		695E5A7F24E6480500ABD9C3 /* Main.storyboard in Resources */ = {isa = PBXBuildFile; fileRef = 695E5A7D24E6480500ABD9C3 /* Main.storyboard */; };
		695E5A8124E6480800ABD9C3 /* Assets.xcassets in Resources */ = {isa = PBXBuildFile; fileRef = 695E5A8024E6480800ABD9C3 /* Assets.xcassets */; };
		695E5A8424E6480800ABD9C3 /* LaunchScreen.storyboard in Resources */ = {isa = PBXBuildFile; fileRef = 695E5A8224E6480800ABD9C3 /* LaunchScreen.storyboard */; };
		695E5A9024E9249400ABD9C3 /* PlanetModel.swift in Sources */ = {isa = PBXBuildFile; fileRef = 695E5A8F24E9249400ABD9C3 /* PlanetModel.swift */; };
		695E5A9324E924E100ABD9C3 /* ParseHelper.swift in Sources */ = {isa = PBXBuildFile; fileRef = 695E5A9224E924E100ABD9C3 /* ParseHelper.swift */; };
		695E5A9624E92C3F00ABD9C3 /* ErrorResult.swift in Sources */ = {isa = PBXBuildFile; fileRef = 695E5A9524E92C3F00ABD9C3 /* ErrorResult.swift */; };
		695E5A9824E92C4B00ABD9C3 /* Result.swift in Sources */ = {isa = PBXBuildFile; fileRef = 695E5A9724E92C4B00ABD9C3 /* Result.swift */; };
		695E5A9B24E92DF900ABD9C3 /* RequestFactory.swift in Sources */ = {isa = PBXBuildFile; fileRef = 695E5A9A24E92DF900ABD9C3 /* RequestFactory.swift */; };
		695E5A9D24E92E1300ABD9C3 /* RequestHandler.swift in Sources */ = {isa = PBXBuildFile; fileRef = 695E5A9C24E92E1300ABD9C3 /* RequestHandler.swift */; };
		695E5A9F24E92E2800ABD9C3 /* RequestService.swift in Sources */ = {isa = PBXBuildFile; fileRef = 695E5A9E24E92E2800ABD9C3 /* RequestService.swift */; };
		695E5AA124E92E8700ABD9C3 /* Reachability.swift in Sources */ = {isa = PBXBuildFile; fileRef = 695E5AA024E92E8700ABD9C3 /* Reachability.swift */; };
		695E5AA324E92F3500ABD9C3 /* ViewModel.swift in Sources */ = {isa = PBXBuildFile; fileRef = 695E5AA224E92F3500ABD9C3 /* ViewModel.swift */; };
		695E5AA524E92F7400ABD9C3 /* APIService.swift in Sources */ = {isa = PBXBuildFile; fileRef = 695E5AA424E92F7400ABD9C3 /* APIService.swift */; };
		695E5AA824E9327A00ABD9C3 /* PlanetCell.swift in Sources */ = {isa = PBXBuildFile; fileRef = 695E5AA624E9327A00ABD9C3 /* PlanetCell.swift */; };
		695E5AA924E9327A00ABD9C3 /* PlanetTableViewController.swift in Sources */ = {isa = PBXBuildFile; fileRef = 695E5AA724E9327A00ABD9C3 /* PlanetTableViewController.swift */; };
		695E5AAC24E9365D00ABD9C3 /* String+Additions.swift in Sources */ = {isa = PBXBuildFile; fileRef = 695E5AAB24E9365D00ABD9C3 /* String+Additions.swift */; };
/* End PBXBuildFile section */

/* Begin PBXFileReference section */
		06D4CEE863BE8CD71E767E0B /* Pods_MVVM_RxSwift_Template.framework */ = {isa = PBXFileReference; explicitFileType = wrapper.framework; includeInIndex = 0; path = Pods_MVVM_RxSwift_Template.framework; sourceTree = BUILT_PRODUCTS_DIR; };
		4FBBF3147E449F7F38F9A09A /* Pods-MVVM+RxSwift Template.release.xcconfig */ = {isa = PBXFileReference; includeInIndex = 1; lastKnownFileType = text.xcconfig; name = "Pods-MVVM+RxSwift Template.release.xcconfig"; path = "Target Support Files/Pods-MVVM+RxSwift Template/Pods-MVVM+RxSwift Template.release.xcconfig"; sourceTree = "<group>"; };
		695E5A7424E6480500ABD9C3 /* MVVM+RxSwift Template.app */ = {isa = PBXFileReference; explicitFileType = wrapper.application; includeInIndex = 0; path = "MVVM+RxSwift Template.app"; sourceTree = BUILT_PRODUCTS_DIR; };
		695E5A7724E6480500ABD9C3 /* AppDelegate.swift */ = {isa = PBXFileReference; lastKnownFileType = sourcecode.swift; path = AppDelegate.swift; sourceTree = "<group>"; };
		695E5A7924E6480500ABD9C3 /* SceneDelegate.swift */ = {isa = PBXFileReference; lastKnownFileType = sourcecode.swift; path = SceneDelegate.swift; sourceTree = "<group>"; };
		695E5A7E24E6480500ABD9C3 /* Base */ = {isa = PBXFileReference; lastKnownFileType = file.storyboard; name = Base; path = Base.lproj/Main.storyboard; sourceTree = "<group>"; };
		695E5A8024E6480800ABD9C3 /* Assets.xcassets */ = {isa = PBXFileReference; lastKnownFileType = folder.assetcatalog; path = Assets.xcassets; sourceTree = "<group>"; };
		695E5A8324E6480800ABD9C3 /* Base */ = {isa = PBXFileReference; lastKnownFileType = file.storyboard; name = Base; path = Base.lproj/LaunchScreen.storyboard; sourceTree = "<group>"; };
		695E5A8524E6480800ABD9C3 /* Info.plist */ = {isa = PBXFileReference; lastKnownFileType = text.plist.xml; path = Info.plist; sourceTree = "<group>"; };
		695E5A8F24E9249400ABD9C3 /* PlanetModel.swift */ = {isa = PBXFileReference; lastKnownFileType = sourcecode.swift; path = PlanetModel.swift; sourceTree = "<group>"; };
		695E5A9224E924E100ABD9C3 /* ParseHelper.swift */ = {isa = PBXFileReference; lastKnownFileType = sourcecode.swift; path = ParseHelper.swift; sourceTree = "<group>"; };
		695E5A9524E92C3F00ABD9C3 /* ErrorResult.swift */ = {isa = PBXFileReference; lastKnownFileType = sourcecode.swift; path = ErrorResult.swift; sourceTree = "<group>"; };
		695E5A9724E92C4B00ABD9C3 /* Result.swift */ = {isa = PBXFileReference; lastKnownFileType = sourcecode.swift; path = Result.swift; sourceTree = "<group>"; };
		695E5A9A24E92DF900ABD9C3 /* RequestFactory.swift */ = {isa = PBXFileReference; lastKnownFileType = sourcecode.swift; path = RequestFactory.swift; sourceTree = "<group>"; };
		695E5A9C24E92E1300ABD9C3 /* RequestHandler.swift */ = {isa = PBXFileReference; lastKnownFileType = sourcecode.swift; path = RequestHandler.swift; sourceTree = "<group>"; };
		695E5A9E24E92E2800ABD9C3 /* RequestService.swift */ = {isa = PBXFileReference; lastKnownFileType = sourcecode.swift; path = RequestService.swift; sourceTree = "<group>"; };
		695E5AA024E92E8700ABD9C3 /* Reachability.swift */ = {isa = PBXFileReference; lastKnownFileType = sourcecode.swift; path = Reachability.swift; sourceTree = "<group>"; };
		695E5AA224E92F3500ABD9C3 /* ViewModel.swift */ = {isa = PBXFileReference; lastKnownFileType = sourcecode.swift; path = ViewModel.swift; sourceTree = "<group>"; };
		695E5AA424E92F7400ABD9C3 /* APIService.swift */ = {isa = PBXFileReference; lastKnownFileType = sourcecode.swift; path = APIService.swift; sourceTree = "<group>"; };
		695E5AA624E9327A00ABD9C3 /* PlanetCell.swift */ = {isa = PBXFileReference; fileEncoding = 4; lastKnownFileType = sourcecode.swift; path = PlanetCell.swift; sourceTree = "<group>"; };
		695E5AA724E9327A00ABD9C3 /* PlanetTableViewController.swift */ = {isa = PBXFileReference; fileEncoding = 4; lastKnownFileType = sourcecode.swift; path = PlanetTableViewController.swift; sourceTree = "<group>"; };
		695E5AAB24E9365D00ABD9C3 /* String+Additions.swift */ = {isa = PBXFileReference; lastKnownFileType = sourcecode.swift; path = "String+Additions.swift"; sourceTree = "<group>"; };
		8AD18BD47ED45EB39367B364 /* Pods-MVVM+RxSwift Template.debug.xcconfig */ = {isa = PBXFileReference; includeInIndex = 1; lastKnownFileType = text.xcconfig; name = "Pods-MVVM+RxSwift Template.debug.xcconfig"; path = "Target Support Files/Pods-MVVM+RxSwift Template/Pods-MVVM+RxSwift Template.debug.xcconfig"; sourceTree = "<group>"; };
/* End PBXFileReference section */

/* Begin PBXFrameworksBuildPhase section */
		695E5A7124E6480500ABD9C3 /* Frameworks */ = {
			isa = PBXFrameworksBuildPhase;
			buildActionMask = 2147483647;
			files = (
				02522905F34AB8F75978B147 /* Pods_MVVM_RxSwift_Template.framework in Frameworks */,
			);
			runOnlyForDeploymentPostprocessing = 0;
		};
/* End PBXFrameworksBuildPhase section */

/* Begin PBXGroup section */
		695E5A6B24E6480500ABD9C3 = {
			isa = PBXGroup;
			children = (
				695E5A7624E6480500ABD9C3 /* MVVM+RxSwift Template */,
				695E5A7524E6480500ABD9C3 /* Products */,
				EA052A3B42326C192E7C3C25 /* Pods */,
				CCF3900233190A506C41E034 /* Frameworks */,
			);
			sourceTree = "<group>";
		};
		695E5A7524E6480500ABD9C3 /* Products */ = {
			isa = PBXGroup;
			children = (
				695E5A7424E6480500ABD9C3 /* MVVM+RxSwift Template.app */,
			);
			name = Products;
			sourceTree = "<group>";
		};
		695E5A7624E6480500ABD9C3 /* MVVM+RxSwift Template */ = {
			isa = PBXGroup;
			children = (
				695E5AAA24E9364900ABD9C3 /* Extensions */,
				695E5A8E24E922BD00ABD9C3 /* Services */,
				695E5A8D24E922A200ABD9C3 /* Models */,
				695E5A8C24E9225900ABD9C3 /* View Models */,
				695E5A8B24E9224E00ABD9C3 /* Views */,
				695E5A7724E6480500ABD9C3 /* AppDelegate.swift */,
				695E5A7924E6480500ABD9C3 /* SceneDelegate.swift */,
				695E5A7D24E6480500ABD9C3 /* Main.storyboard */,
				695E5A8024E6480800ABD9C3 /* Assets.xcassets */,
				695E5A8224E6480800ABD9C3 /* LaunchScreen.storyboard */,
				695E5A8524E6480800ABD9C3 /* Info.plist */,
			);
			path = "MVVM+RxSwift Template";
			sourceTree = "<group>";
		};
		695E5A8B24E9224E00ABD9C3 /* Views */ = {
			isa = PBXGroup;
			children = (
				695E5AA624E9327A00ABD9C3 /* PlanetCell.swift */,
				695E5AA724E9327A00ABD9C3 /* PlanetTableViewController.swift */,
			);
			path = Views;
			sourceTree = "<group>";
		};
		695E5A8C24E9225900ABD9C3 /* View Models */ = {
			isa = PBXGroup;
			children = (
				695E5AA224E92F3500ABD9C3 /* ViewModel.swift */,
			);
			path = "View Models";
			sourceTree = "<group>";
		};
		695E5A8D24E922A200ABD9C3 /* Models */ = {
			isa = PBXGroup;
			children = (
				695E5A8F24E9249400ABD9C3 /* PlanetModel.swift */,
			);
			path = Models;
			sourceTree = "<group>";
		};
		695E5A8E24E922BD00ABD9C3 /* Services */ = {
			isa = PBXGroup;
			children = (
				695E5A9924E92DE100ABD9C3 /* Network */,
				695E5A9424E92C1E00ABD9C3 /* Result */,
				695E5A9124E924B400ABD9C3 /* Parser */,
				695E5AA424E92F7400ABD9C3 /* APIService.swift */,
			);
			path = Services;
			sourceTree = "<group>";
		};
		695E5A9124E924B400ABD9C3 /* Parser */ = {
			isa = PBXGroup;
			children = (
				695E5A9224E924E100ABD9C3 /* ParseHelper.swift */,
			);
			path = Parser;
			sourceTree = "<group>";
		};
		695E5A9424E92C1E00ABD9C3 /* Result */ = {
			isa = PBXGroup;
			children = (
				695E5A9524E92C3F00ABD9C3 /* ErrorResult.swift */,
				695E5A9724E92C4B00ABD9C3 /* Result.swift */,
			);
			path = Result;
			sourceTree = "<group>";
		};
		695E5A9924E92DE100ABD9C3 /* Network */ = {
			isa = PBXGroup;
			children = (
				695E5A9A24E92DF900ABD9C3 /* RequestFactory.swift */,
				695E5A9C24E92E1300ABD9C3 /* RequestHandler.swift */,
				695E5A9E24E92E2800ABD9C3 /* RequestService.swift */,
				695E5AA024E92E8700ABD9C3 /* Reachability.swift */,
			);
			path = Network;
			sourceTree = "<group>";
		};
		695E5AAA24E9364900ABD9C3 /* Extensions */ = {
			isa = PBXGroup;
			children = (
				695E5AAB24E9365D00ABD9C3 /* String+Additions.swift */,
			);
			path = Extensions;
			sourceTree = "<group>";
		};
		CCF3900233190A506C41E034 /* Frameworks */ = {
			isa = PBXGroup;
			children = (
				06D4CEE863BE8CD71E767E0B /* Pods_MVVM_RxSwift_Template.framework */,
			);
			name = Frameworks;
			sourceTree = "<group>";
		};
		EA052A3B42326C192E7C3C25 /* Pods */ = {
			isa = PBXGroup;
			children = (
				8AD18BD47ED45EB39367B364 /* Pods-MVVM+RxSwift Template.debug.xcconfig */,
				4FBBF3147E449F7F38F9A09A /* Pods-MVVM+RxSwift Template.release.xcconfig */,
			);
			path = Pods;
			sourceTree = "<group>";
		};
/* End PBXGroup section */

/* Begin PBXNativeTarget section */
		695E5A7324E6480500ABD9C3 /* MVVM+RxSwift Template */ = {
			isa = PBXNativeTarget;
			buildConfigurationList = 695E5A8824E6480800ABD9C3 /* Build configuration list for PBXNativeTarget "MVVM+RxSwift Template" */;
			buildPhases = (
				BCC56E325E60DDDF303BA5ED /* [CP] Check Pods Manifest.lock */,
				695E5A7024E6480500ABD9C3 /* Sources */,
				695E5A7124E6480500ABD9C3 /* Frameworks */,
				695E5A7224E6480500ABD9C3 /* Resources */,
				E0D3F638CB6991A9F67D2FBE /* [CP] Embed Pods Frameworks */,
			);
			buildRules = (
			);
			dependencies = (
			);
			name = "MVVM+RxSwift Template";
			productName = "MVVM+RxSwift Template";
			productReference = 695E5A7424E6480500ABD9C3 /* MVVM+RxSwift Template.app */;
			productType = "com.apple.product-type.application";
		};
/* End PBXNativeTarget section */

/* Begin PBXProject section */
		695E5A6C24E6480500ABD9C3 /* Project object */ = {
			isa = PBXProject;
			attributes = {
				LastSwiftUpdateCheck = 1160;
				LastUpgradeCheck = 1160;
				ORGANIZATIONNAME = "Bradley Windybank";
				TargetAttributes = {
					695E5A7324E6480500ABD9C3 = {
						CreatedOnToolsVersion = 11.6;
					};
				};
			};
			buildConfigurationList = 695E5A6F24E6480500ABD9C3 /* Build configuration list for PBXProject "MVVM+RxSwift Template" */;
			compatibilityVersion = "Xcode 9.3";
			developmentRegion = en;
			hasScannedForEncodings = 0;
			knownRegions = (
				en,
				Base,
			);
			mainGroup = 695E5A6B24E6480500ABD9C3;
			productRefGroup = 695E5A7524E6480500ABD9C3 /* Products */;
			projectDirPath = "";
			projectRoot = "";
			targets = (
				695E5A7324E6480500ABD9C3 /* MVVM+RxSwift Template */,
			);
		};
/* End PBXProject section */

/* Begin PBXResourcesBuildPhase section */
		695E5A7224E6480500ABD9C3 /* Resources */ = {
			isa = PBXResourcesBuildPhase;
			buildActionMask = 2147483647;
			files = (
				695E5A8424E6480800ABD9C3 /* LaunchScreen.storyboard in Resources */,
				695E5A8124E6480800ABD9C3 /* Assets.xcassets in Resources */,
				695E5A7F24E6480500ABD9C3 /* Main.storyboard in Resources */,
			);
			runOnlyForDeploymentPostprocessing = 0;
		};
/* End PBXResourcesBuildPhase section */

/* Begin PBXShellScriptBuildPhase section */
		BCC56E325E60DDDF303BA5ED /* [CP] Check Pods Manifest.lock */ = {
			isa = PBXShellScriptBuildPhase;
			buildActionMask = 2147483647;
			files = (
			);
			inputFileListPaths = (
			);
			inputPaths = (
				"${PODS_PODFILE_DIR_PATH}/Podfile.lock",
				"${PODS_ROOT}/Manifest.lock",
			);
			name = "[CP] Check Pods Manifest.lock";
			outputFileListPaths = (
			);
			outputPaths = (
				"$(DERIVED_FILE_DIR)/Pods-MVVM+RxSwift Template-checkManifestLockResult.txt",
			);
			runOnlyForDeploymentPostprocessing = 0;
			shellPath = /bin/sh;
			shellScript = "diff \"${PODS_PODFILE_DIR_PATH}/Podfile.lock\" \"${PODS_ROOT}/Manifest.lock\" > /dev/null\nif [ $? != 0 ] ; then\n    # print error to STDERR\n    echo \"error: The sandbox is not in sync with the Podfile.lock. Run 'pod install' or update your CocoaPods installation.\" >&2\n    exit 1\nfi\n# This output is used by Xcode 'outputs' to avoid re-running this script phase.\necho \"SUCCESS\" > \"${SCRIPT_OUTPUT_FILE_0}\"\n";
			showEnvVarsInLog = 0;
		};
		E0D3F638CB6991A9F67D2FBE /* [CP] Embed Pods Frameworks */ = {
			isa = PBXShellScriptBuildPhase;
			buildActionMask = 2147483647;
			files = (
			);
			inputFileListPaths = (
				"${PODS_ROOT}/Target Support Files/Pods-MVVM+RxSwift Template/Pods-MVVM+RxSwift Template-frameworks-${CONFIGURATION}-input-files.xcfilelist",
			);
			name = "[CP] Embed Pods Frameworks";
			outputFileListPaths = (
				"${PODS_ROOT}/Target Support Files/Pods-MVVM+RxSwift Template/Pods-MVVM+RxSwift Template-frameworks-${CONFIGURATION}-output-files.xcfilelist",
			);
			runOnlyForDeploymentPostprocessing = 0;
			shellPath = /bin/sh;
			shellScript = "\"${PODS_ROOT}/Target Support Files/Pods-MVVM+RxSwift Template/Pods-MVVM+RxSwift Template-frameworks.sh\"\n";
			showEnvVarsInLog = 0;
		};
/* End PBXShellScriptBuildPhase section */

/* Begin PBXSourcesBuildPhase section */
		695E5A7024E6480500ABD9C3 /* Sources */ = {
			isa = PBXSourcesBuildPhase;
			buildActionMask = 2147483647;
			files = (
				695E5A9B24E92DF900ABD9C3 /* RequestFactory.swift in Sources */,
				695E5A9824E92C4B00ABD9C3 /* Result.swift in Sources */,
				695E5AAC24E9365D00ABD9C3 /* String+Additions.swift in Sources */,
				695E5A9F24E92E2800ABD9C3 /* RequestService.swift in Sources */,
				695E5A9024E9249400ABD9C3 /* PlanetModel.swift in Sources */,
				695E5A7824E6480500ABD9C3 /* AppDelegate.swift in Sources */,
				695E5AA924E9327A00ABD9C3 /* PlanetTableViewController.swift in Sources */,
				695E5A9D24E92E1300ABD9C3 /* RequestHandler.swift in Sources */,
				695E5AA124E92E8700ABD9C3 /* Reachability.swift in Sources */,
				695E5A9624E92C3F00ABD9C3 /* ErrorResult.swift in Sources */,
				695E5AA524E92F7400ABD9C3 /* APIService.swift in Sources */,
				695E5A7A24E6480500ABD9C3 /* SceneDelegate.swift in Sources */,
				695E5AA324E92F3500ABD9C3 /* ViewModel.swift in Sources */,
				695E5A9324E924E100ABD9C3 /* ParseHelper.swift in Sources */,
				695E5AA824E9327A00ABD9C3 /* PlanetCell.swift in Sources */,
			);
			runOnlyForDeploymentPostprocessing = 0;
		};
/* End PBXSourcesBuildPhase section */

/* Begin PBXVariantGroup section */
		695E5A7D24E6480500ABD9C3 /* Main.storyboard */ = {
			isa = PBXVariantGroup;
			children = (
				695E5A7E24E6480500ABD9C3 /* Base */,
			);
			name = Main.storyboard;
			sourceTree = "<group>";
		};
		695E5A8224E6480800ABD9C3 /* LaunchScreen.storyboard */ = {
			isa = PBXVariantGroup;
			children = (
				695E5A8324E6480800ABD9C3 /* Base */,
			);
			name = LaunchScreen.storyboard;
			sourceTree = "<group>";
		};
/* End PBXVariantGroup section */

/* Begin XCBuildConfiguration section */
		695E5A8624E6480800ABD9C3 /* Debug */ = {
			isa = XCBuildConfiguration;
			buildSettings = {
				ALWAYS_SEARCH_USER_PATHS = NO;
				CLANG_ANALYZER_NONNULL = YES;
				CLANG_ANALYZER_NUMBER_OBJECT_CONVERSION = YES_AGGRESSIVE;
				CLANG_CXX_LANGUAGE_STANDARD = "gnu++14";
				CLANG_CXX_LIBRARY = "libc++";
				CLANG_ENABLE_MODULES = YES;
				CLANG_ENABLE_OBJC_ARC = YES;
				CLANG_ENABLE_OBJC_WEAK = YES;
				CLANG_WARN_BLOCK_CAPTURE_AUTORELEASING = YES;
				CLANG_WARN_BOOL_CONVERSION = YES;
				CLANG_WARN_COMMA = YES;
				CLANG_WARN_CONSTANT_CONVERSION = YES;
				CLANG_WARN_DEPRECATED_OBJC_IMPLEMENTATIONS = YES;
				CLANG_WARN_DIRECT_OBJC_ISA_USAGE = YES_ERROR;
				CLANG_WARN_DOCUMENTATION_COMMENTS = YES;
				CLANG_WARN_EMPTY_BODY = YES;
				CLANG_WARN_ENUM_CONVERSION = YES;
				CLANG_WARN_INFINITE_RECURSION = YES;
				CLANG_WARN_INT_CONVERSION = YES;
				CLANG_WARN_NON_LITERAL_NULL_CONVERSION = YES;
				CLANG_WARN_OBJC_IMPLICIT_RETAIN_SELF = YES;
				CLANG_WARN_OBJC_LITERAL_CONVERSION = YES;
				CLANG_WARN_OBJC_ROOT_CLASS = YES_ERROR;
				CLANG_WARN_RANGE_LOOP_ANALYSIS = YES;
				CLANG_WARN_STRICT_PROTOTYPES = YES;
				CLANG_WARN_SUSPICIOUS_MOVE = YES;
				CLANG_WARN_UNGUARDED_AVAILABILITY = YES_AGGRESSIVE;
				CLANG_WARN_UNREACHABLE_CODE = YES;
				CLANG_WARN__DUPLICATE_METHOD_MATCH = YES;
				COPY_PHASE_STRIP = NO;
				DEBUG_INFORMATION_FORMAT = dwarf;
				ENABLE_STRICT_OBJC_MSGSEND = YES;
				ENABLE_TESTABILITY = YES;
				GCC_C_LANGUAGE_STANDARD = gnu11;
				GCC_DYNAMIC_NO_PIC = NO;
				GCC_NO_COMMON_BLOCKS = YES;
				GCC_OPTIMIZATION_LEVEL = 0;
				GCC_PREPROCESSOR_DEFINITIONS = (
					"DEBUG=1",
					"$(inherited)",
				);
				GCC_WARN_64_TO_32_BIT_CONVERSION = YES;
				GCC_WARN_ABOUT_RETURN_TYPE = YES_ERROR;
				GCC_WARN_UNDECLARED_SELECTOR = YES;
				GCC_WARN_UNINITIALIZED_AUTOS = YES_AGGRESSIVE;
				GCC_WARN_UNUSED_FUNCTION = YES;
				GCC_WARN_UNUSED_VARIABLE = YES;
				IPHONEOS_DEPLOYMENT_TARGET = 13.6;
				MTL_ENABLE_DEBUG_INFO = INCLUDE_SOURCE;
				MTL_FAST_MATH = YES;
				ONLY_ACTIVE_ARCH = YES;
				SDKROOT = iphoneos;
				SWIFT_ACTIVE_COMPILATION_CONDITIONS = DEBUG;
				SWIFT_OPTIMIZATION_LEVEL = "-Onone";
			};
			name = Debug;
		};
		695E5A8724E6480800ABD9C3 /* Release */ = {
			isa = XCBuildConfiguration;
			buildSettings = {
				ALWAYS_SEARCH_USER_PATHS = NO;
				CLANG_ANALYZER_NONNULL = YES;
				CLANG_ANALYZER_NUMBER_OBJECT_CONVERSION = YES_AGGRESSIVE;
				CLANG_CXX_LANGUAGE_STANDARD = "gnu++14";
				CLANG_CXX_LIBRARY = "libc++";
				CLANG_ENABLE_MODULES = YES;
				CLANG_ENABLE_OBJC_ARC = YES;
				CLANG_ENABLE_OBJC_WEAK = YES;
				CLANG_WARN_BLOCK_CAPTURE_AUTORELEASING = YES;
				CLANG_WARN_BOOL_CONVERSION = YES;
				CLANG_WARN_COMMA = YES;
				CLANG_WARN_CONSTANT_CONVERSION = YES;
				CLANG_WARN_DEPRECATED_OBJC_IMPLEMENTATIONS = YES;
				CLANG_WARN_DIRECT_OBJC_ISA_USAGE = YES_ERROR;
				CLANG_WARN_DOCUMENTATION_COMMENTS = YES;
				CLANG_WARN_EMPTY_BODY = YES;
				CLANG_WARN_ENUM_CONVERSION = YES;
				CLANG_WARN_INFINITE_RECURSION = YES;
				CLANG_WARN_INT_CONVERSION = YES;
				CLANG_WARN_NON_LITERAL_NULL_CONVERSION = YES;
				CLANG_WARN_OBJC_IMPLICIT_RETAIN_SELF = YES;
				CLANG_WARN_OBJC_LITERAL_CONVERSION = YES;
				CLANG_WARN_OBJC_ROOT_CLASS = YES_ERROR;
				CLANG_WARN_RANGE_LOOP_ANALYSIS = YES;
				CLANG_WARN_STRICT_PROTOTYPES = YES;
				CLANG_WARN_SUSPICIOUS_MOVE = YES;
				CLANG_WARN_UNGUARDED_AVAILABILITY = YES_AGGRESSIVE;
				CLANG_WARN_UNREACHABLE_CODE = YES;
				CLANG_WARN__DUPLICATE_METHOD_MATCH = YES;
				COPY_PHASE_STRIP = NO;
				DEBUG_INFORMATION_FORMAT = "dwarf-with-dsym";
				ENABLE_NS_ASSERTIONS = NO;
				ENABLE_STRICT_OBJC_MSGSEND = YES;
				GCC_C_LANGUAGE_STANDARD = gnu11;
				GCC_NO_COMMON_BLOCKS = YES;
				GCC_WARN_64_TO_32_BIT_CONVERSION = YES;
				GCC_WARN_ABOUT_RETURN_TYPE = YES_ERROR;
				GCC_WARN_UNDECLARED_SELECTOR = YES;
				GCC_WARN_UNINITIALIZED_AUTOS = YES_AGGRESSIVE;
				GCC_WARN_UNUSED_FUNCTION = YES;
				GCC_WARN_UNUSED_VARIABLE = YES;
				IPHONEOS_DEPLOYMENT_TARGET = 13.6;
				MTL_ENABLE_DEBUG_INFO = NO;
				MTL_FAST_MATH = YES;
				SDKROOT = iphoneos;
				SWIFT_COMPILATION_MODE = wholemodule;
				SWIFT_OPTIMIZATION_LEVEL = "-O";
				VALIDATE_PRODUCT = YES;
			};
			name = Release;
		};
		695E5A8924E6480800ABD9C3 /* Debug */ = {
			isa = XCBuildConfiguration;
			baseConfigurationReference = 8AD18BD47ED45EB39367B364 /* Pods-MVVM+RxSwift Template.debug.xcconfig */;
			buildSettings = {
				ASSETCATALOG_COMPILER_APPICON_NAME = AppIcon;
				CODE_SIGN_STYLE = Automatic;
				DEVELOPMENT_TEAM = ENN23MB27G;
				INFOPLIST_FILE = "MVVM+RxSwift Template/Info.plist";
				LD_RUNPATH_SEARCH_PATHS = (
					"$(inherited)",
					"@executable_path/Frameworks",
				);
				PRODUCT_BUNDLE_IDENTIFIER = "digital.windybank.bradley.MVVM-RxSwift-Template";
				PRODUCT_NAME = "$(TARGET_NAME)";
				SWIFT_VERSION = 5.0;
				TARGETED_DEVICE_FAMILY = "1,2";
			};
			name = Debug;
		};
		695E5A8A24E6480800ABD9C3 /* Release */ = {
			isa = XCBuildConfiguration;
			baseConfigurationReference = 4FBBF3147E449F7F38F9A09A /* Pods-MVVM+RxSwift Template.release.xcconfig */;
			buildSettings = {
				ASSETCATALOG_COMPILER_APPICON_NAME = AppIcon;
				CODE_SIGN_STYLE = Automatic;
				DEVELOPMENT_TEAM = ENN23MB27G;
				INFOPLIST_FILE = "MVVM+RxSwift Template/Info.plist";
				LD_RUNPATH_SEARCH_PATHS = (
					"$(inherited)",
					"@executable_path/Frameworks",
				);
				PRODUCT_BUNDLE_IDENTIFIER = "digital.windybank.bradley.MVVM-RxSwift-Template";
				PRODUCT_NAME = "$(TARGET_NAME)";
				SWIFT_VERSION = 5.0;
				TARGETED_DEVICE_FAMILY = "1,2";
			};
			name = Release;
		};
/* End XCBuildConfiguration section */

/* Begin XCConfigurationList section */
		695E5A6F24E6480500ABD9C3 /* Build configuration list for PBXProject "MVVM+RxSwift Template" */ = {
			isa = XCConfigurationList;
			buildConfigurations = (
				695E5A8624E6480800ABD9C3 /* Debug */,
				695E5A8724E6480800ABD9C3 /* Release */,
			);
			defaultConfigurationIsVisible = 0;
			defaultConfigurationName = Release;
		};
		695E5A8824E6480800ABD9C3 /* Build configuration list for PBXNativeTarget "MVVM+RxSwift Template" */ = {
			isa = XCConfigurationList;
			buildConfigurations = (
				695E5A8924E6480800ABD9C3 /* Debug */,
				695E5A8A24E6480800ABD9C3 /* Release */,
			);
			defaultConfigurationIsVisible = 0;
			defaultConfigurationName = Release;
		};
/* End XCConfigurationList section */
	};
	rootObject = 695E5A6C24E6480500ABD9C3 /* Project object */;
}
